
Microsoft Visual Studio Solution File, Format Version 12.00
Project("{FAE04EC0-301F-11D3-BF4B-00C04F79EFBC}") = "cw2", "cw2\cw2.csproj", "{9E9178DB-5BAC-49CF-AD43-B3A80638316F}"
EndProject
Global
	GlobalSection(SolutionConfigurationPlatforms) = preSolution
		Debug|Any CPU = Debug|Any CPU
		Release|Any CPU = Release|Any CPU
	EndGlobalSection
	GlobalSection(ProjectConfigurationPlatforms) = postSolution
		{9E9178DB-5BAC-49CF-AD43-B3A80638316F}.Debug|Any CPU.ActiveCfg = Debug|Any CPU
		{9E9178DB-5BAC-49CF-AD43-B3A80638316F}.Debug|Any CPU.Build.0 = Debug|Any CPU
		{9E9178DB-5BAC-49CF-AD43-B3A80638316F}.Release|Any CPU.ActiveCfg = Release|Any CPU
		{9E9178DB-5BAC-49CF-AD43-B3A80638316F}.Release|Any CPU.Build.0 = Release|Any CPU
	EndGlobalSection
EndGlobal
